# This file is automatically @generated by Cargo.
# It is not intended for manual editing.
version = 3

[[package]]
name = "kaysentinel-builder"
version = "0.1.0"

[[package]]
name = "kaysentinel-cse"
version = "0.1.0"

[[package]]
name = "kaysentinel-hash"
version = "0.1.0"

[[package]]
name = "kaysentinel-ssr"
version = "0.1.0"

[[package]]
name = "kaysentinel-ssz"
version = "0.1.0"

[[package]]
name = "kaysentinel-verify"
version = "0.1.0"
